// !$*UTF8*$!
{
	archiveVersion = 1;
	classes = {
	};
	objectVersion = 56;
	objects = {

/* Begin PBXBuildFile section */
		57D25EF82B4EAB57005E7DD6 /* AppDelegate.swift in Sources */ = {isa = PBXBuildFile; fileRef = 57D25EF72B4EAB57005E7DD6 /* AppDelegate.swift */; };
		57D25EFA2B4EAB57005E7DD6 /* SceneDelegate.swift in Sources */ = {isa = PBXBuildFile; fileRef = 57D25EF92B4EAB57005E7DD6 /* SceneDelegate.swift */; };
		57D25EFC2B4EAB57005E7DD6 /* ViewController.swift in Sources */ = {isa = PBXBuildFile; fileRef = 57D25EFB2B4EAB57005E7DD6 /* ViewController.swift */; };
		57D25EFF2B4EAB57005E7DD6 /* Main.storyboard in Resources */ = {isa = PBXBuildFile; fileRef = 57D25EFD2B4EAB57005E7DD6 /* Main.storyboard */; };
		57D25F012B4EAB58005E7DD6 /* Assets.xcassets in Resources */ = {isa = PBXBuildFile; fileRef = 57D25F002B4EAB58005E7DD6 /* Assets.xcassets */; };
		57D25F042B4EAB58005E7DD6 /* LaunchScreen.storyboard in Resources */ = {isa = PBXBuildFile; fileRef = 57D25F022B4EAB58005E7DD6 /* LaunchScreen.storyboard */; };
		57D25F0C2B4EAE3E005E7DD6 /* LottoViewController.swift in Sources */ = {isa = PBXBuildFile; fileRef = 57D25F0B2B4EAE3E005E7DD6 /* LottoViewController.swift */; };
		57D25F0E2B4EAE46005E7DD6 /* TranslationViewController.swift in Sources */ = {isa = PBXBuildFile; fileRef = 57D25F0D2B4EAE46005E7DD6 /* TranslationViewController.swift */; };
/* End PBXBuildFile section */

/* Begin PBXFileReference section */
		57D25EF42B4EAB57005E7DD6 /* LottoApp.app */ = {isa = PBXFileReference; explicitFileType = wrapper.application; includeInIndex = 0; path = LottoApp.app; sourceTree = BUILT_PRODUCTS_DIR; };
		57D25EF72B4EAB57005E7DD6 /* AppDelegate.swift */ = {isa = PBXFileReference; lastKnownFileType = sourcecode.swift; path = AppDelegate.swift; sourceTree = "<group>"; };
		57D25EF92B4EAB57005E7DD6 /* SceneDelegate.swift */ = {isa = PBXFileReference; lastKnownFileType = sourcecode.swift; path = SceneDelegate.swift; sourceTree = "<group>"; };
		57D25EFB2B4EAB57005E7DD6 /* ViewController.swift */ = {isa = PBXFileReference; lastKnownFileType = sourcecode.swift; path = ViewController.swift; sourceTree = "<group>"; };
		57D25EFE2B4EAB57005E7DD6 /* Base */ = {isa = PBXFileReference; lastKnownFileType = file.storyboard; name = Base; path = Base.lproj/Main.storyboard; sourceTree = "<group>"; };
		57D25F002B4EAB58005E7DD6 /* Assets.xcassets */ = {isa = PBXFileReference; lastKnownFileType = folder.assetcatalog; path = Assets.xcassets; sourceTree = "<group>"; };
		57D25F032B4EAB58005E7DD6 /* Base */ = {isa = PBXFileReference; lastKnownFileType = file.storyboard; name = Base; path = Base.lproj/LaunchScreen.storyboard; sourceTree = "<group>"; };
		57D25F052B4EAB58005E7DD6 /* Info.plist */ = {isa = PBXFileReference; lastKnownFileType = text.plist.xml; path = Info.plist; sourceTree = "<group>"; };
		57D25F0B2B4EAE3E005E7DD6 /* LottoViewController.swift */ = {isa = PBXFileReference; lastKnownFileType = sourcecode.swift; path = LottoViewController.swift; sourceTree = "<group>"; };
		57D25F0D2B4EAE46005E7DD6 /* TranslationViewController.swift */ = {isa = PBXFileReference; lastKnownFileType = sourcecode.swift; path = TranslationViewController.swift; sourceTree = "<group>"; };
/* End PBXFileReference section */

/* Begin PBXFrameworksBuildPhase section */
		57D25EF12B4EAB57005E7DD6 /* Frameworks */ = {
			isa = PBXFrameworksBuildPhase;
			buildActionMask = 2147483647;
			files = (
			);
			runOnlyForDeploymentPostprocessing = 0;
		};
/* End PBXFrameworksBuildPhase section */

/* Begin PBXGroup section */
		57D25EEB2B4EAB57005E7DD6 = {
			isa = PBXGroup;
			children = (
				57D25EF62B4EAB57005E7DD6 /* LottoApp */,
				57D25EF52B4EAB57005E7DD6 /* Products */,
			);
			sourceTree = "<group>";
		};
		57D25EF52B4EAB57005E7DD6 /* Products */ = {
			isa = PBXGroup;
			children = (
				57D25EF42B4EAB57005E7DD6 /* LottoApp.app */,
			);
			name = Products;
			sourceTree = "<group>";
		};
		57D25EF62B4EAB57005E7DD6 /* LottoApp */ = {
			isa = PBXGroup;
			children = (
				57D25EF72B4EAB57005E7DD6 /* AppDelegate.swift */,
				57D25EF92B4EAB57005E7DD6 /* SceneDelegate.swift */,
				57D25EFB2B4EAB57005E7DD6 /* ViewController.swift */,
				57D25F0B2B4EAE3E005E7DD6 /* LottoViewController.swift */,
				57D25F0D2B4EAE46005E7DD6 /* TranslationViewController.swift */,
				57D25EFD2B4EAB57005E7DD6 /* Main.storyboard */,
				57D25F002B4EAB58005E7DD6 /* Assets.xcassets */,
				57D25F022B4EAB58005E7DD6 /* LaunchScreen.storyboard */,
				57D25F052B4EAB58005E7DD6 /* Info.plist */,
			);
			path = LottoApp;
			sourceTree = "<group>";
		};
/* End PBXGroup section */

/* Begin PBXNativeTarget section */
		57D25EF32B4EAB57005E7DD6 /* LottoApp */ = {
			isa = PBXNativeTarget;
			buildConfigurationList = 57D25F082B4EAB58005E7DD6 /* Build configuration list for PBXNativeTarget "LottoApp" */;
			buildPhases = (
				57D25EF02B4EAB57005E7DD6 /* Sources */,
				57D25EF12B4EAB57005E7DD6 /* Frameworks */,
				57D25EF22B4EAB57005E7DD6 /* Resources */,
			);
			buildRules = (
			);
			dependencies = (
			);
			name = LottoApp;
			productName = LottoApp;
			productReference = 57D25EF42B4EAB57005E7DD6 /* LottoApp.app */;
			productType = "com.apple.product-type.application";
		};
/* End PBXNativeTarget section */

/* Begin PBXProject section */
		57D25EEC2B4EAB57005E7DD6 /* Project object */ = {
			isa = PBXProject;
			attributes = {
				BuildIndependentTargetsInParallel = 1;
				LastSwiftUpdateCheck = 1500;
				LastUpgradeCheck = 1500;
				TargetAttributes = {
					57D25EF32B4EAB57005E7DD6 = {
						CreatedOnToolsVersion = 15.0.1;
					};
				};
			};
			buildConfigurationList = 57D25EEF2B4EAB57005E7DD6 /* Build configuration list for PBXProject "LottoApp" */;
			compatibilityVersion = "Xcode 14.0";
			developmentRegion = en;
			hasScannedForEncodings = 0;
			knownRegions = (
				en,
				Base,
			);
			mainGroup = 57D25EEB2B4EAB57005E7DD6;
			productRefGroup = 57D25EF52B4EAB57005E7DD6 /* Products */;
			projectDirPath = "";
			projectRoot = "";
			targets = (
				57D25EF32B4EAB57005E7DD6 /* LottoApp */,
			);
		};
/* End PBXProject section */

/* Begin PBXResourcesBuildPhase section */
		57D25EF22B4EAB57005E7DD6 /* Resources */ = {
			isa = PBXResourcesBuildPhase;
			buildActionMask = 2147483647;
			files = (
				57D25F042B4EAB58005E7DD6 /* LaunchScreen.storyboard in Resources */,
				57D25F012B4EAB58005E7DD6 /* Assets.xcassets in Resources */,
				57D25EFF2B4EAB57005E7DD6 /* Main.storyboard in Resources */,
			);
			runOnlyForDeploymentPostprocessing = 0;
		};
/* End PBXResourcesBuildPhase section */

/* Begin PBXSourcesBuildPhase section */
		57D25EF02B4EAB57005E7DD6 /* Sources */ = {
			isa = PBXSourcesBuildPhase;
			buildActionMask = 2147483647;
			files = (
				57D25EFC2B4EAB57005E7DD6 /* ViewController.swift in Sources */,
				57D25F0C2B4EAE3E005E7DD6 /* LottoViewController.swift in Sources */,
				57D25EF82B4EAB57005E7DD6 /* AppDelegate.swift in Sources */,
				57D25EFA2B4EAB57005E7DD6 /* SceneDelegate.swift in Sources */,
				57D25F0E2B4EAE46005E7DD6 /* TranslationViewController.swift in Sources */,
			);
			runOnlyForDeploymentPostprocessing = 0;
		};
/* End PBXSourcesBuildPhase section */

/* Begin PBXVariantGroup section */
		57D25EFD2B4EAB57005E7DD6 /* Main.storyboard */ = {
			isa = PBXVariantGroup;
			children = (
				57D25EFE2B4EAB57005E7DD6 /* Base */,
			);
			name = Main.storyboard;
			sourceTree = "<group>";
		};
		57D25F022B4EAB58005E7DD6 /* LaunchScreen.storyboard */ = {
			isa = PBXVariantGroup;
			children = (
				57D25F032B4EAB58005E7DD6 /* Base */,
			);
			name = LaunchScreen.storyboard;
			sourceTree = "<group>";
		};
/* End PBXVariantGroup section */

/* Begin XCBuildConfiguration section */
		57D25F062B4EAB58005E7DD6 /* Debug */ = {
			isa = XCBuildConfiguration;
			buildSettings = {
				ALWAYS_SEARCH_USER_PATHS = NO;
				ASSETCATALOG_COMPILER_GENERATE_SWIFT_ASSET_SYMBOL_EXTENSIONS = YES;
				CLANG_ANALYZER_NONNULL = YES;
				CLANG_ANALYZER_NUMBER_OBJECT_CONVERSION = YES_AGGRESSIVE;
				CLANG_CXX_LANGUAGE_STANDARD = "gnu++20";
				CLANG_ENABLE_MODULES = YES;
				CLANG_ENABLE_OBJC_ARC = YES;
				CLANG_ENABLE_OBJC_WEAK = YES;
				CLANG_WARN_BLOCK_CAPTURE_AUTORELEASING = YES;
				CLANG_WARN_BOOL_CONVERSION = YES;
				CLANG_WARN_COMMA = YES;
				CLANG_WARN_CONSTANT_CONVERSION = YES;
				CLANG_WARN_DEPRECATED_OBJC_IMPLEMENTATIONS = YES;
				CLANG_WARN_DIRECT_OBJC_ISA_USAGE = YES_ERROR;
				CLANG_WARN_DOCUMENTATION_COMMENTS = YES;
				CLANG_WARN_EMPTY_BODY = YES;
				CLANG_WARN_ENUM_CONVERSION = YES;
				CLANG_WARN_INFINITE_RECURSION = YES;
				CLANG_WARN_INT_CONVERSION = YES;
				CLANG_WARN_NON_LITERAL_NULL_CONVERSION = YES;
				CLANG_WARN_OBJC_IMPLICIT_RETAIN_SELF = YES;
				CLANG_WARN_OBJC_LITERAL_CONVERSION = YES;
				CLANG_WARN_OBJC_ROOT_CLASS = YES_ERROR;
				CLANG_WARN_QUOTED_INCLUDE_IN_FRAMEWORK_HEADER = YES;
				CLANG_WARN_RANGE_LOOP_ANALYSIS = YES;
				CLANG_WARN_STRICT_PROTOTYPES = YES;
				CLANG_WARN_SUSPICIOUS_MOVE = YES;
				CLANG_WARN_UNGUARDED_AVAILABILITY = YES_AGGRESSIVE;
				CLANG_WARN_UNREACHABLE_CODE = YES;
				CLANG_WARN__DUPLICATE_METHOD_MATCH = YES;
				COPY_PHASE_STRIP = NO;
				DEBUG_INFORMATION_FORMAT = dwarf;
				ENABLE_STRICT_OBJC_MSGSEND = YES;
				ENABLE_TESTABILITY = YES;
				ENABLE_USER_SCRIPT_SANDBOXING = YES;
				GCC_C_LANGUAGE_STANDARD = gnu17;
				GCC_DYNAMIC_NO_PIC = NO;
				GCC_NO_COMMON_BLOCKS = YES;
				GCC_OPTIMIZATION_LEVEL = 0;
				GCC_PREPROCESSOR_DEFINITIONS = (
					"DEBUG=1",
					"$(inherited)",
				);
				GCC_WARN_64_TO_32_BIT_CONVERSION = YES;
				GCC_WARN_ABOUT_RETURN_TYPE = YES_ERROR;
				GCC_WARN_UNDECLARED_SELECTOR = YES;
				GCC_WARN_UNINITIALIZED_AUTOS = YES_AGGRESSIVE;
				GCC_WARN_UNUSED_FUNCTION = YES;
				GCC_WARN_UNUSED_VARIABLE = YES;
				IPHONEOS_DEPLOYMENT_TARGET = 17.0;
				LOCALIZATION_PREFERS_STRING_CATALOGS = YES;
				MTL_ENABLE_DEBUG_INFO = INCLUDE_SOURCE;
				MTL_FAST_MATH = YES;
				ONLY_ACTIVE_ARCH = YES;
				SDKROOT = iphoneos;
				SWIFT_ACTIVE_COMPILATION_CONDITIONS = "DEBUG $(inherited)";
				SWIFT_OPTIMIZATION_LEVEL = "-Onone";
			};
			name = Debug;
		};
		57D25F072B4EAB58005E7DD6 /* Release */ = {
			isa = XCBuildConfiguration;
			buildSettings = {
				ALWAYS_SEARCH_USER_PATHS = NO;
				ASSETCATALOG_COMPILER_GENERATE_SWIFT_ASSET_SYMBOL_EXTENSIONS = YES;
				CLANG_ANALYZER_NONNULL = YES;
				CLANG_ANALYZER_NUMBER_OBJECT_CONVERSION = YES_AGGRESSIVE;
				CLANG_CXX_LANGUAGE_STANDARD = "gnu++20";
				CLANG_ENABLE_MODULES = YES;
				CLANG_ENABLE_OBJC_ARC = YES;
				CLANG_ENABLE_OBJC_WEAK = YES;
				CLANG_WARN_BLOCK_CAPTURE_AUTORELEASING = YES;
				CLANG_WARN_BOOL_CONVERSION = YES;
				CLANG_WARN_COMMA = YES;
				CLANG_WARN_CONSTANT_CONVERSION = YES;
				CLANG_WARN_DEPRECATED_OBJC_IMPLEMENTATIONS = YES;
				CLANG_WARN_DIRECT_OBJC_ISA_USAGE = YES_ERROR;
				CLANG_WARN_DOCUMENTATION_COMMENTS = YES;
				CLANG_WARN_EMPTY_BODY = YES;
				CLANG_WARN_ENUM_CONVERSION = YES;
				CLANG_WARN_INFINITE_RECURSION = YES;
				CLANG_WARN_INT_CONVERSION = YES;
				CLANG_WARN_NON_LITERAL_NULL_CONVERSION = YES;
				CLANG_WARN_OBJC_IMPLICIT_RETAIN_SELF = YES;
				CLANG_WARN_OBJC_LITERAL_CONVERSION = YES;
				CLANG_WARN_OBJC_ROOT_CLASS = YES_ERROR;
				CLANG_WARN_QUOTED_INCLUDE_IN_FRAMEWORK_HEADER = YES;
				CLANG_WARN_RANGE_LOOP_ANALYSIS = YES;
				CLANG_WARN_STRICT_PROTOTYPES = YES;
				CLANG_WARN_SUSPICIOUS_MOVE = YES;
				CLANG_WARN_UNGUARDED_AVAILABILITY = YES_AGGRESSIVE;
				CLANG_WARN_UNREACHABLE_CODE = YES;
				CLANG_WARN__DUPLICATE_METHOD_MATCH = YES;
				COPY_PHASE_STRIP = NO;
				DEBUG_INFORMATION_FORMAT = "dwarf-with-dsym";
				ENABLE_NS_ASSERTIONS = NO;
				ENABLE_STRICT_OBJC_MSGSEND = YES;
				ENABLE_USER_SCRIPT_SANDBOXING = YES;
				GCC_C_LANGUAGE_STANDARD = gnu17;
				GCC_NO_COMMON_BLOCKS = YES;
				GCC_WARN_64_TO_32_BIT_CONVERSION = YES;
				GCC_WARN_ABOUT_RETURN_TYPE = YES_ERROR;
				GCC_WARN_UNDECLARED_SELECTOR = YES;
				GCC_WARN_UNINITIALIZED_AUTOS = YES_AGGRESSIVE;
				GCC_WARN_UNUSED_FUNCTION = YES;
				GCC_WARN_UNUSED_VARIABLE = YES;
				IPHONEOS_DEPLOYMENT_TARGET = 17.0;
				LOCALIZATION_PREFERS_STRING_CATALOGS = YES;
				MTL_ENABLE_DEBUG_INFO = NO;
				MTL_FAST_MATH = YES;
				SDKROOT = iphoneos;
				SWIFT_COMPILATION_MODE = wholemodule;
				VALIDATE_PRODUCT = YES;
			};
			name = Release;
		};
		57D25F092B4EAB58005E7DD6 /* Debug */ = {
			isa = XCBuildConfiguration;
			buildSettings = {
				ASSETCATALOG_COMPILER_APPICON_NAME = AppIcon;
				ASSETCATALOG_COMPILER_GLOBAL_ACCENT_COLOR_NAME = AccentColor;
				CODE_SIGN_STYLE = Automatic;
				CURRENT_PROJECT_VERSION = 1;
				DEVELOPMENT_TEAM = MTUYFM4K8P;
				GENERATE_INFOPLIST_FILE = YES;
				INFOPLIST_FILE = LottoApp/Info.plist;
				INFOPLIST_KEY_UIApplicationSupportsIndirectInputEvents = YES;
				INFOPLIST_KEY_UILaunchStoryboardName = LaunchScreen;
				INFOPLIST_KEY_UIMainStoryboardFile = Main;
				INFOPLIST_KEY_UISupportedInterfaceOrientations_iPad = "UIInterfaceOrientationPortrait UIInterfaceOrientationPortraitUpsideDown UIInterfaceOrientationLandscapeLeft UIInterfaceOrientationLandscapeRight";
				INFOPLIST_KEY_UISupportedInterfaceOrientations_iPhone = "UIInterfaceOrientationPortrait UIInterfaceOrientationLandscapeLeft UIInterfaceOrientationLandscapeRight";
				LD_RUNPATH_SEARCH_PATHS = (
					"$(inherited)",
					"@executable_path/Frameworks",
				);
				MARKETING_VERSION = 1.0;
				PRODUCT_BUNDLE_IDENTIFIER = com.madeline.LottoApp;
				PRODUCT_NAME = "$(TARGET_NAME)";
				SWIFT_EMIT_LOC_STRINGS = YES;
				SWIFT_VERSION = 5.0;
				TARGETED_DEVICE_FAMILY = "1,2";
			};
			name = Debug;
		};
		57D25F0A2B4EAB58005E7DD6 /* Release */ = {
			isa = XCBuildConfiguration;
			buildSettings = {
				ASSETCATALOG_COMPILER_APPICON_NAME = AppIcon;
				ASSETCATALOG_COMPILER_GLOBAL_ACCENT_COLOR_NAME = AccentColor;
				CODE_SIGN_STYLE = Automatic;
				CURRENT_PROJECT_VERSION = 1;
				DEVELOPMENT_TEAM = MTUYFM4K8P;
				GENERATE_INFOPLIST_FILE = YES;
				INFOPLIST_FILE = LottoApp/Info.plist;
				INFOPLIST_KEY_UIApplicationSupportsIndirectInputEvents = YES;
				INFOPLIST_KEY_UILaunchStoryboardName = LaunchScreen;
				INFOPLIST_KEY_UIMainStoryboardFile = Main;
				INFOPLIST_KEY_UISupportedInterfaceOrientations_iPad = "UIInterfaceOrientationPortrait UIInterfaceOrientationPortraitUpsideDown UIInterfaceOrientationLandscapeLeft UIInterfaceOrientationLandscapeRight";
				INFOPLIST_KEY_UISupportedInterfaceOrientations_iPhone = "UIInterfaceOrientationPortrait UIInterfaceOrientationLandscapeLeft UIInterfaceOrientationLandscapeRight";
				LD_RUNPATH_SEARCH_PATHS = (
					"$(inherited)",
					"@executable_path/Frameworks",
				);
				MARKETING_VERSION = 1.0;
				PRODUCT_BUNDLE_IDENTIFIER = com.madeline.LottoApp;
				PRODUCT_NAME = "$(TARGET_NAME)";
				SWIFT_EMIT_LOC_STRINGS = YES;
				SWIFT_VERSION = 5.0;
				TARGETED_DEVICE_FAMILY = "1,2";
			};
			name = Release;
		};
/* End XCBuildConfiguration section */

/* Begin XCConfigurationList section */
		57D25EEF2B4EAB57005E7DD6 /* Build configuration list for PBXProject "LottoApp" */ = {
			isa = XCConfigurationList;
			buildConfigurations = (
				57D25F062B4EAB58005E7DD6 /* Debug */,
				57D25F072B4EAB58005E7DD6 /* Release */,
			);
			defaultConfigurationIsVisible = 0;
			defaultConfigurationName = Release;
		};
		57D25F082B4EAB58005E7DD6 /* Build configuration list for PBXNativeTarget "LottoApp" */ = {
			isa = XCConfigurationList;
			buildConfigurations = (
				57D25F092B4EAB58005E7DD6 /* Debug */,
				57D25F0A2B4EAB58005E7DD6 /* Release */,
			);
			defaultConfigurationIsVisible = 0;
			defaultConfigurationName = Release;
		};
/* End XCConfigurationList section */
	};
	rootObject = 57D25EEC2B4EAB57005E7DD6 /* Project object */;
}
